// !$*UTF8*$!
{
	archiveVersion = 1;
	classes = {
	};
	objectVersion = 46;
	objects = {

/* Begin PBXBuildFile section */
		0C2E5C77F5AFF134C2D908BE /* Pods_SurveysAppTests.framework in Frameworks */ = {isa = PBXBuildFile; fileRef = BD649B46FB28EAE893A3E257 /* Pods_SurveysAppTests.framework */; };
		380A7A231DD1DFFF00947304 /* SurveyCell.swift in Sources */ = {isa = PBXBuildFile; fileRef = 380A7A221DD1DFFF00947304 /* SurveyCell.swift */; };
		382322B21DD0890500047340 /* AppDelegate.swift in Sources */ = {isa = PBXBuildFile; fileRef = 382322B11DD0890500047340 /* AppDelegate.swift */; };
		382322B71DD0890500047340 /* Main.storyboard in Resources */ = {isa = PBXBuildFile; fileRef = 382322B51DD0890500047340 /* Main.storyboard */; };
		382322B91DD0890500047340 /* Assets.xcassets in Resources */ = {isa = PBXBuildFile; fileRef = 382322B81DD0890500047340 /* Assets.xcassets */; };
		382322C71DD0890600047340 /* SurveysAppTests.swift in Sources */ = {isa = PBXBuildFile; fileRef = 382322C61DD0890600047340 /* SurveysAppTests.swift */; };
		383C06F81DD2320900327024 /* MainViewController.swift in Sources */ = {isa = PBXBuildFile; fileRef = 383C06F71DD2320900327024 /* MainViewController.swift */; };
		386C486E1DD5081100F840F8 /* LaunchScreen.storyboard in Resources */ = {isa = PBXBuildFile; fileRef = 386C486D1DD5081100F840F8 /* LaunchScreen.storyboard */; };
		3884FA761DD68ED3009D944A /* ClosureButton.swift in Sources */ = {isa = PBXBuildFile; fileRef = 3884FA751DD68ED3009D944A /* ClosureButton.swift */; };
		3898A7CD1DD3E4700045BA50 /* LoadingProtocol.swift in Sources */ = {isa = PBXBuildFile; fileRef = 3898A7CC1DD3E4700045BA50 /* LoadingProtocol.swift */; };
		3898A7CF1DD3EC4B0045BA50 /* Networking.swift in Sources */ = {isa = PBXBuildFile; fileRef = 3898A7CE1DD3EC4B0045BA50 /* Networking.swift */; };
		3898A7D11DD40DE80045BA50 /* App.swift in Sources */ = {isa = PBXBuildFile; fileRef = 3898A7D01DD40DE80045BA50 /* App.swift */; };
		3898A7D31DD4157C0045BA50 /* DetailViewController.swift in Sources */ = {isa = PBXBuildFile; fileRef = 3898A7D21DD4157C0045BA50 /* DetailViewController.swift */; };
		38B9FD601DD27BBE00183916 /* SurveysViewModel.swift in Sources */ = {isa = PBXBuildFile; fileRef = 38B9FD5F1DD27BBE00183916 /* SurveysViewModel.swift */; };
		38BA8F2A1DD135E600B085FD /* Survey.swift in Sources */ = {isa = PBXBuildFile; fileRef = 38BA8F291DD135E600B085FD /* Survey.swift */; };
		38F7929E1DD74544006D2EF4 /* Extensions.swift in Sources */ = {isa = PBXBuildFile; fileRef = 38F7929D1DD74544006D2EF4 /* Extensions.swift */; };
		8442F3CB2A376E2FD3BA47A5 /* Pods_SurveysApp.framework in Frameworks */ = {isa = PBXBuildFile; fileRef = 18BD94EEDAB4FBE21670EFC6 /* Pods_SurveysApp.framework */; };
/* End PBXBuildFile section */

/* Begin PBXContainerItemProxy section */
		382322C31DD0890600047340 /* PBXContainerItemProxy */ = {
			isa = PBXContainerItemProxy;
			containerPortal = 382322A61DD0890500047340 /* Project object */;
			proxyType = 1;
			remoteGlobalIDString = 382322AD1DD0890500047340;
			remoteInfo = SurveysApp;
		};
/* End PBXContainerItemProxy section */

/* Begin PBXFileReference section */
		18BD94EEDAB4FBE21670EFC6 /* Pods_SurveysApp.framework */ = {isa = PBXFileReference; explicitFileType = wrapper.framework; includeInIndex = 0; path = Pods_SurveysApp.framework; sourceTree = BUILT_PRODUCTS_DIR; };
		1C64E4B1A43D4AF0295B3584 /* Pods-SurveysApp.release.xcconfig */ = {isa = PBXFileReference; includeInIndex = 1; lastKnownFileType = text.xcconfig; name = "Pods-SurveysApp.release.xcconfig"; path = "Pods/Target Support Files/Pods-SurveysApp/Pods-SurveysApp.release.xcconfig"; sourceTree = "<group>"; };
		380A7A221DD1DFFF00947304 /* SurveyCell.swift */ = {isa = PBXFileReference; fileEncoding = 4; lastKnownFileType = sourcecode.swift; path = SurveyCell.swift; sourceTree = "<group>"; };
		382322AE1DD0890500047340 /* SurveysApp.app */ = {isa = PBXFileReference; explicitFileType = wrapper.application; includeInIndex = 0; path = SurveysApp.app; sourceTree = BUILT_PRODUCTS_DIR; };
		382322B11DD0890500047340 /* AppDelegate.swift */ = {isa = PBXFileReference; lastKnownFileType = sourcecode.swift; path = AppDelegate.swift; sourceTree = "<group>"; };
		382322B61DD0890500047340 /* Base */ = {isa = PBXFileReference; lastKnownFileType = file.storyboard; name = Base; path = Base.lproj/Main.storyboard; sourceTree = "<group>"; };
		382322B81DD0890500047340 /* Assets.xcassets */ = {isa = PBXFileReference; lastKnownFileType = folder.assetcatalog; path = Assets.xcassets; sourceTree = "<group>"; };
		382322BD1DD0890500047340 /* Info.plist */ = {isa = PBXFileReference; lastKnownFileType = text.plist.xml; path = Info.plist; sourceTree = "<group>"; };
		382322C21DD0890600047340 /* SurveysAppTests.xctest */ = {isa = PBXFileReference; explicitFileType = wrapper.cfbundle; includeInIndex = 0; path = SurveysAppTests.xctest; sourceTree = BUILT_PRODUCTS_DIR; };
		382322C61DD0890600047340 /* SurveysAppTests.swift */ = {isa = PBXFileReference; lastKnownFileType = sourcecode.swift; path = SurveysAppTests.swift; sourceTree = "<group>"; };
		382322C81DD0890600047340 /* Info.plist */ = {isa = PBXFileReference; lastKnownFileType = text.plist.xml; path = Info.plist; sourceTree = "<group>"; };
		383C06F71DD2320900327024 /* MainViewController.swift */ = {isa = PBXFileReference; fileEncoding = 4; lastKnownFileType = sourcecode.swift; path = MainViewController.swift; sourceTree = "<group>"; };
		386C486D1DD5081100F840F8 /* LaunchScreen.storyboard */ = {isa = PBXFileReference; fileEncoding = 4; lastKnownFileType = file.storyboard; path = LaunchScreen.storyboard; sourceTree = "<group>"; };
		3884FA751DD68ED3009D944A /* ClosureButton.swift */ = {isa = PBXFileReference; fileEncoding = 4; lastKnownFileType = sourcecode.swift; path = ClosureButton.swift; sourceTree = "<group>"; };
		3898A7CC1DD3E4700045BA50 /* LoadingProtocol.swift */ = {isa = PBXFileReference; fileEncoding = 4; lastKnownFileType = sourcecode.swift; path = LoadingProtocol.swift; sourceTree = "<group>"; };
		3898A7CE1DD3EC4B0045BA50 /* Networking.swift */ = {isa = PBXFileReference; fileEncoding = 4; lastKnownFileType = sourcecode.swift; path = Networking.swift; sourceTree = "<group>"; };
		3898A7D01DD40DE80045BA50 /* App.swift */ = {isa = PBXFileReference; fileEncoding = 4; lastKnownFileType = sourcecode.swift; path = App.swift; sourceTree = "<group>"; };
		3898A7D21DD4157C0045BA50 /* DetailViewController.swift */ = {isa = PBXFileReference; fileEncoding = 4; lastKnownFileType = sourcecode.swift; path = DetailViewController.swift; sourceTree = "<group>"; };
		38B9FD5F1DD27BBE00183916 /* SurveysViewModel.swift */ = {isa = PBXFileReference; fileEncoding = 4; lastKnownFileType = sourcecode.swift; path = SurveysViewModel.swift; sourceTree = "<group>"; };
		38BA8F291DD135E600B085FD /* Survey.swift */ = {isa = PBXFileReference; fileEncoding = 4; lastKnownFileType = sourcecode.swift; path = Survey.swift; sourceTree = "<group>"; };
		38C070881DD6443800C8F90E /* SurveysApp-Bridging-Header.h */ = {isa = PBXFileReference; lastKnownFileType = sourcecode.c.h; path = "SurveysApp-Bridging-Header.h"; sourceTree = "<group>"; };
		38F7929D1DD74544006D2EF4 /* Extensions.swift */ = {isa = PBXFileReference; fileEncoding = 4; lastKnownFileType = sourcecode.swift; path = Extensions.swift; sourceTree = "<group>"; };
		3DE63CA958C5C652FD1A5663 /* Pods-SurveysApp.debug.xcconfig */ = {isa = PBXFileReference; includeInIndex = 1; lastKnownFileType = text.xcconfig; name = "Pods-SurveysApp.debug.xcconfig"; path = "Pods/Target Support Files/Pods-SurveysApp/Pods-SurveysApp.debug.xcconfig"; sourceTree = "<group>"; };
		4CA78B19DA3881CB2A50D250 /* Pods-SurveysAppTests.release.xcconfig */ = {isa = PBXFileReference; includeInIndex = 1; lastKnownFileType = text.xcconfig; name = "Pods-SurveysAppTests.release.xcconfig"; path = "Pods/Target Support Files/Pods-SurveysAppTests/Pods-SurveysAppTests.release.xcconfig"; sourceTree = "<group>"; };
		54C481227C01F78411533209 /* Pods-SurveysAppTests.debug.xcconfig */ = {isa = PBXFileReference; includeInIndex = 1; lastKnownFileType = text.xcconfig; name = "Pods-SurveysAppTests.debug.xcconfig"; path = "Pods/Target Support Files/Pods-SurveysAppTests/Pods-SurveysAppTests.debug.xcconfig"; sourceTree = "<group>"; };
		BD649B46FB28EAE893A3E257 /* Pods_SurveysAppTests.framework */ = {isa = PBXFileReference; explicitFileType = wrapper.framework; includeInIndex = 0; path = Pods_SurveysAppTests.framework; sourceTree = BUILT_PRODUCTS_DIR; };
/* End PBXFileReference section */

/* Begin PBXFrameworksBuildPhase section */
		382322AB1DD0890500047340 /* Frameworks */ = {
			isa = PBXFrameworksBuildPhase;
			buildActionMask = 2147483647;
			files = (
				8442F3CB2A376E2FD3BA47A5 /* Pods_SurveysApp.framework in Frameworks */,
			);
			runOnlyForDeploymentPostprocessing = 0;
		};
		382322BF1DD0890600047340 /* Frameworks */ = {
			isa = PBXFrameworksBuildPhase;
			buildActionMask = 2147483647;
			files = (
				0C2E5C77F5AFF134C2D908BE /* Pods_SurveysAppTests.framework in Frameworks */,
			);
			runOnlyForDeploymentPostprocessing = 0;
		};
/* End PBXFrameworksBuildPhase section */

/* Begin PBXGroup section */
		382322A51DD0890500047340 = {
			isa = PBXGroup;
			children = (
				382322B01DD0890500047340 /* SurveysApp */,
				382322C51DD0890600047340 /* SurveysAppTests */,
				382322AF1DD0890500047340 /* Products */,
				8926DED1ADC09F63BA7A7836 /* Pods */,
				DC124867C7130452CE3FC4B0 /* Frameworks */,
			);
			sourceTree = "<group>";
		};
		382322AF1DD0890500047340 /* Products */ = {
			isa = PBXGroup;
			children = (
				382322AE1DD0890500047340 /* SurveysApp.app */,
				382322C21DD0890600047340 /* SurveysAppTests.xctest */,
			);
			name = Products;
			sourceTree = "<group>";
		};
		382322B01DD0890500047340 /* SurveysApp */ = {
			isa = PBXGroup;
			children = (
				38E3F6501DD149E9009CBED0 /* Services */,
				38BA8F281DD1358D00B085FD /* Others */,
				38BA8F271DD1357A00B085FD /* Storyboards & Xibs */,
				38BA8F261DD1356E00B085FD /* ViewModels */,
				38BA8F251DD1356400B085FD /* Views */,
				38BA8F241DD1355D00B085FD /* Models */,
				38BA8F231DD1355200B085FD /* Controllers */,
			);
			path = SurveysApp;
			sourceTree = "<group>";
		};
		382322C51DD0890600047340 /* SurveysAppTests */ = {
			isa = PBXGroup;
			children = (
				382322C61DD0890600047340 /* SurveysAppTests.swift */,
				382322C81DD0890600047340 /* Info.plist */,
			);
			path = SurveysAppTests;
			sourceTree = "<group>";
		};
		38BA8F231DD1355200B085FD /* Controllers */ = {
			isa = PBXGroup;
			children = (
				383C06F71DD2320900327024 /* MainViewController.swift */,
				3898A7D21DD4157C0045BA50 /* DetailViewController.swift */,
			);
			name = Controllers;
			sourceTree = "<group>";
		};
		38BA8F241DD1355D00B085FD /* Models */ = {
			isa = PBXGroup;
			children = (
				38BA8F291DD135E600B085FD /* Survey.swift */,
			);
			name = Models;
			sourceTree = "<group>";
		};
		38BA8F251DD1356400B085FD /* Views */ = {
			isa = PBXGroup;
			children = (
				380A7A221DD1DFFF00947304 /* SurveyCell.swift */,
				3884FA751DD68ED3009D944A /* ClosureButton.swift */,
			);
			name = Views;
			sourceTree = "<group>";
		};
		38BA8F261DD1356E00B085FD /* ViewModels */ = {
			isa = PBXGroup;
			children = (
				38B9FD5F1DD27BBE00183916 /* SurveysViewModel.swift */,
			);
			name = ViewModels;
			sourceTree = "<group>";
		};
		38BA8F271DD1357A00B085FD /* Storyboards & Xibs */ = {
			isa = PBXGroup;
			children = (
				382322B51DD0890500047340 /* Main.storyboard */,
				386C486D1DD5081100F840F8 /* LaunchScreen.storyboard */,
			);
			name = "Storyboards & Xibs";
			sourceTree = "<group>";
		};
		38BA8F281DD1358D00B085FD /* Others */ = {
			isa = PBXGroup;
			children = (
				382322B81DD0890500047340 /* Assets.xcassets */,
				382322BD1DD0890500047340 /* Info.plist */,
				38C070881DD6443800C8F90E /* SurveysApp-Bridging-Header.h */,
				382322B11DD0890500047340 /* AppDelegate.swift */,
				3898A7D01DD40DE80045BA50 /* App.swift */,
				38F7929D1DD74544006D2EF4 /* Extensions.swift */,
			);
			name = Others;
			sourceTree = "<group>";
		};
		38E3F6501DD149E9009CBED0 /* Services */ = {
			isa = PBXGroup;
			children = (
				3898A7CE1DD3EC4B0045BA50 /* Networking.swift */,
				3898A7CC1DD3E4700045BA50 /* LoadingProtocol.swift */,
			);
			name = Services;
			sourceTree = "<group>";
		};
		8926DED1ADC09F63BA7A7836 /* Pods */ = {
			isa = PBXGroup;
			children = (
				3DE63CA958C5C652FD1A5663 /* Pods-SurveysApp.debug.xcconfig */,
				1C64E4B1A43D4AF0295B3584 /* Pods-SurveysApp.release.xcconfig */,
				54C481227C01F78411533209 /* Pods-SurveysAppTests.debug.xcconfig */,
				4CA78B19DA3881CB2A50D250 /* Pods-SurveysAppTests.release.xcconfig */,
			);
			name = Pods;
			sourceTree = "<group>";
		};
		DC124867C7130452CE3FC4B0 /* Frameworks */ = {
			isa = PBXGroup;
			children = (
				18BD94EEDAB4FBE21670EFC6 /* Pods_SurveysApp.framework */,
				BD649B46FB28EAE893A3E257 /* Pods_SurveysAppTests.framework */,
			);
			name = Frameworks;
			sourceTree = "<group>";
		};
/* End PBXGroup section */

/* Begin PBXNativeTarget section */
		382322AD1DD0890500047340 /* SurveysApp */ = {
			isa = PBXNativeTarget;
			buildConfigurationList = 382322CB1DD0890600047340 /* Build configuration list for PBXNativeTarget "SurveysApp" */;
			buildPhases = (
				D77BC8DEDFBAF4D277F2A383 /* [CP] Check Pods Manifest.lock */,
				382322AA1DD0890500047340 /* Sources */,
				382322AB1DD0890500047340 /* Frameworks */,
				382322AC1DD0890500047340 /* Resources */,
				A8F1166EA22C0D49B9749F20 /* [CP] Embed Pods Frameworks */,
				1E546666A6C4F2536DA81F37 /* [CP] Copy Pods Resources */,
			);
			buildRules = (
			);
			dependencies = (
			);
			name = SurveysApp;
			productName = SurveysApp;
			productReference = 382322AE1DD0890500047340 /* SurveysApp.app */;
			productType = "com.apple.product-type.application";
		};
		382322C11DD0890600047340 /* SurveysAppTests */ = {
			isa = PBXNativeTarget;
			buildConfigurationList = 382322CE1DD0890600047340 /* Build configuration list for PBXNativeTarget "SurveysAppTests" */;
			buildPhases = (
				400749217F21FF76E5E0170D /* [CP] Check Pods Manifest.lock */,
				382322BE1DD0890600047340 /* Sources */,
				382322BF1DD0890600047340 /* Frameworks */,
				382322C01DD0890600047340 /* Resources */,
				758E3EFFC33FB98A5F78BFA0 /* [CP] Embed Pods Frameworks */,
				D0039DFC8046912C6E34EAC6 /* [CP] Copy Pods Resources */,
			);
			buildRules = (
			);
			dependencies = (
				382322C41DD0890600047340 /* PBXTargetDependency */,
			);
			name = SurveysAppTests;
			productName = SurveysAppTests;
			productReference = 382322C21DD0890600047340 /* SurveysAppTests.xctest */;
			productType = "com.apple.product-type.bundle.unit-test";
		};
/* End PBXNativeTarget section */

/* Begin PBXProject section */
		382322A61DD0890500047340 /* Project object */ = {
			isa = PBXProject;
			attributes = {
				LastSwiftUpdateCheck = 0800;
				LastUpgradeCheck = 0800;
				ORGANIZATIONNAME = NSMohamedElalfy;
				TargetAttributes = {
					382322AD1DD0890500047340 = {
						CreatedOnToolsVersion = 8.0;
						DevelopmentTeam = 7CD55P55JM;
						LastSwiftMigration = 0800;
						ProvisioningStyle = Automatic;
					};
					382322C11DD0890600047340 = {
						CreatedOnToolsVersion = 8.0;
						DevelopmentTeam = 7CD55P55JM;
						ProvisioningStyle = Automatic;
						TestTargetID = 382322AD1DD0890500047340;
					};
				};
			};
			buildConfigurationList = 382322A91DD0890500047340 /* Build configuration list for PBXProject "SurveysApp" */;
			compatibilityVersion = "Xcode 3.2";
			developmentRegion = English;
			hasScannedForEncodings = 0;
			knownRegions = (
				en,
				Base,
			);
			mainGroup = 382322A51DD0890500047340;
			productRefGroup = 382322AF1DD0890500047340 /* Products */;
			projectDirPath = "";
			projectRoot = "";
			targets = (
				382322AD1DD0890500047340 /* SurveysApp */,
				382322C11DD0890600047340 /* SurveysAppTests */,
			);
		};
/* End PBXProject section */

/* Begin PBXResourcesBuildPhase section */
		382322AC1DD0890500047340 /* Resources */ = {
			isa = PBXResourcesBuildPhase;
			buildActionMask = 2147483647;
			files = (
				386C486E1DD5081100F840F8 /* LaunchScreen.storyboard in Resources */,
				382322B91DD0890500047340 /* Assets.xcassets in Resources */,
				382322B71DD0890500047340 /* Main.storyboard in Resources */,
			);
			runOnlyForDeploymentPostprocessing = 0;
		};
		382322C01DD0890600047340 /* Resources */ = {
			isa = PBXResourcesBuildPhase;
			buildActionMask = 2147483647;
			files = (
			);
			runOnlyForDeploymentPostprocessing = 0;
		};
/* End PBXResourcesBuildPhase section */

/* Begin PBXShellScriptBuildPhase section */
		1E546666A6C4F2536DA81F37 /* [CP] Copy Pods Resources */ = {
			isa = PBXShellScriptBuildPhase;
			buildActionMask = 2147483647;
			files = (
			);
			inputPaths = (
			);
			name = "[CP] Copy Pods Resources";
			outputPaths = (
			);
			runOnlyForDeploymentPostprocessing = 0;
			shellPath = /bin/sh;
			shellScript = "\"${SRCROOT}/Pods/Target Support Files/Pods-SurveysApp/Pods-SurveysApp-resources.sh\"\n";
			showEnvVarsInLog = 0;
		};
		400749217F21FF76E5E0170D /* [CP] Check Pods Manifest.lock */ = {
			isa = PBXShellScriptBuildPhase;
			buildActionMask = 2147483647;
			files = (
			);
			inputPaths = (
			);
			name = "[CP] Check Pods Manifest.lock";
			outputPaths = (
			);
			runOnlyForDeploymentPostprocessing = 0;
			shellPath = /bin/sh;
			shellScript = "diff \"${PODS_ROOT}/../Podfile.lock\" \"${PODS_ROOT}/Manifest.lock\" > /dev/null\nif [ $? != 0 ] ; then\n    # print error to STDERR\n    echo \"error: The sandbox is not in sync with the Podfile.lock. Run 'pod install' or update your CocoaPods installation.\" >&2\n    exit 1\nfi\n";
			showEnvVarsInLog = 0;
		};
		758E3EFFC33FB98A5F78BFA0 /* [CP] Embed Pods Frameworks */ = {
			isa = PBXShellScriptBuildPhase;
			buildActionMask = 2147483647;
			files = (
			);
			inputPaths = (
			);
			name = "[CP] Embed Pods Frameworks";
			outputPaths = (
			);
			runOnlyForDeploymentPostprocessing = 0;
			shellPath = /bin/sh;
			shellScript = "\"${SRCROOT}/Pods/Target Support Files/Pods-SurveysAppTests/Pods-SurveysAppTests-frameworks.sh\"\n";
			showEnvVarsInLog = 0;
		};
		A8F1166EA22C0D49B9749F20 /* [CP] Embed Pods Frameworks */ = {
			isa = PBXShellScriptBuildPhase;
			buildActionMask = 2147483647;
			files = (
			);
			inputPaths = (
			);
			name = "[CP] Embed Pods Frameworks";
			outputPaths = (
			);
			runOnlyForDeploymentPostprocessing = 0;
			shellPath = /bin/sh;
			shellScript = "\"${SRCROOT}/Pods/Target Support Files/Pods-SurveysApp/Pods-SurveysApp-frameworks.sh\"\n";
			showEnvVarsInLog = 0;
		};
		D0039DFC8046912C6E34EAC6 /* [CP] Copy Pods Resources */ = {
			isa = PBXShellScriptBuildPhase;
			buildActionMask = 2147483647;
			files = (
			);
			inputPaths = (
			);
			name = "[CP] Copy Pods Resources";
			outputPaths = (
			);
			runOnlyForDeploymentPostprocessing = 0;
			shellPath = /bin/sh;
			shellScript = "\"${SRCROOT}/Pods/Target Support Files/Pods-SurveysAppTests/Pods-SurveysAppTests-resources.sh\"\n";
			showEnvVarsInLog = 0;
		};
		D77BC8DEDFBAF4D277F2A383 /* [CP] Check Pods Manifest.lock */ = {
			isa = PBXShellScriptBuildPhase;
			buildActionMask = 2147483647;
			files = (
			);
			inputPaths = (
			);
			name = "[CP] Check Pods Manifest.lock";
			outputPaths = (
			);
			runOnlyForDeploymentPostprocessing = 0;
			shellPath = /bin/sh;
			shellScript = "diff \"${PODS_ROOT}/../Podfile.lock\" \"${PODS_ROOT}/Manifest.lock\" > /dev/null\nif [ $? != 0 ] ; then\n    # print error to STDERR\n    echo \"error: The sandbox is not in sync with the Podfile.lock. Run 'pod install' or update your CocoaPods installation.\" >&2\n    exit 1\nfi\n";
			showEnvVarsInLog = 0;
		};
/* End PBXShellScriptBuildPhase section */

/* Begin PBXSourcesBuildPhase section */
		382322AA1DD0890500047340 /* Sources */ = {
			isa = PBXSourcesBuildPhase;
			buildActionMask = 2147483647;
			files = (
				38BA8F2A1DD135E600B085FD /* Survey.swift in Sources */,
				38B9FD601DD27BBE00183916 /* SurveysViewModel.swift in Sources */,
				3898A7D11DD40DE80045BA50 /* App.swift in Sources */,
				3898A7CF1DD3EC4B0045BA50 /* Networking.swift in Sources */,
				382322B21DD0890500047340 /* AppDelegate.swift in Sources */,
				3884FA761DD68ED3009D944A /* ClosureButton.swift in Sources */,
				380A7A231DD1DFFF00947304 /* SurveyCell.swift in Sources */,
				38F7929E1DD74544006D2EF4 /* Extensions.swift in Sources */,
				3898A7CD1DD3E4700045BA50 /* LoadingProtocol.swift in Sources */,
				3898A7D31DD4157C0045BA50 /* DetailViewController.swift in Sources */,
				383C06F81DD2320900327024 /* MainViewController.swift in Sources */,
			);
			runOnlyForDeploymentPostprocessing = 0;
		};
		382322BE1DD0890600047340 /* Sources */ = {
			isa = PBXSourcesBuildPhase;
			buildActionMask = 2147483647;
			files = (
				382322C71DD0890600047340 /* SurveysAppTests.swift in Sources */,
			);
			runOnlyForDeploymentPostprocessing = 0;
		};
/* End PBXSourcesBuildPhase section */

/* Begin PBXTargetDependency section */
		382322C41DD0890600047340 /* PBXTargetDependency */ = {
			isa = PBXTargetDependency;
			target = 382322AD1DD0890500047340 /* SurveysApp */;
			targetProxy = 382322C31DD0890600047340 /* PBXContainerItemProxy */;
		};
/* End PBXTargetDependency section */

/* Begin PBXVariantGroup section */
		382322B51DD0890500047340 /* Main.storyboard */ = {
			isa = PBXVariantGroup;
			children = (
				382322B61DD0890500047340 /* Base */,
			);
			name = Main.storyboard;
			sourceTree = "<group>";
		};
/* End PBXVariantGroup section */

/* Begin XCBuildConfiguration section */
		382322C91DD0890600047340 /* Debug */ = {
			isa = XCBuildConfiguration;
			buildSettings = {
				ALWAYS_SEARCH_USER_PATHS = NO;
				CLANG_ANALYZER_NONNULL = YES;
				CLANG_CXX_LANGUAGE_STANDARD = "gnu++0x";
				CLANG_CXX_LIBRARY = "libc++";
				CLANG_ENABLE_MODULES = YES;
				CLANG_ENABLE_OBJC_ARC = YES;
				CLANG_WARN_BOOL_CONVERSION = YES;
				CLANG_WARN_CONSTANT_CONVERSION = YES;
				CLANG_WARN_DIRECT_OBJC_ISA_USAGE = YES_ERROR;
				CLANG_WARN_DOCUMENTATION_COMMENTS = YES;
				CLANG_WARN_EMPTY_BODY = YES;
				CLANG_WARN_ENUM_CONVERSION = YES;
				CLANG_WARN_INFINITE_RECURSION = YES;
				CLANG_WARN_INT_CONVERSION = YES;
				CLANG_WARN_OBJC_ROOT_CLASS = YES_ERROR;
				CLANG_WARN_SUSPICIOUS_MOVE = YES;
				CLANG_WARN_SUSPICIOUS_MOVES = YES;
				CLANG_WARN_UNREACHABLE_CODE = YES;
				CLANG_WARN__DUPLICATE_METHOD_MATCH = YES;
				"CODE_SIGN_IDENTITY[sdk=iphoneos*]" = "iPhone Developer";
				COPY_PHASE_STRIP = NO;
				DEBUG_INFORMATION_FORMAT = dwarf;
				ENABLE_STRICT_OBJC_MSGSEND = YES;
				ENABLE_TESTABILITY = YES;
				GCC_C_LANGUAGE_STANDARD = gnu99;
				GCC_DYNAMIC_NO_PIC = NO;
				GCC_NO_COMMON_BLOCKS = YES;
				GCC_OPTIMIZATION_LEVEL = 0;
				GCC_PREPROCESSOR_DEFINITIONS = (
					"DEBUG=1",
					"$(inherited)",
				);
				GCC_WARN_64_TO_32_BIT_CONVERSION = YES;
				GCC_WARN_ABOUT_RETURN_TYPE = YES_ERROR;
				GCC_WARN_UNDECLARED_SELECTOR = YES;
				GCC_WARN_UNINITIALIZED_AUTOS = YES_AGGRESSIVE;
				GCC_WARN_UNUSED_FUNCTION = YES;
				GCC_WARN_UNUSED_VARIABLE = YES;
				IPHONEOS_DEPLOYMENT_TARGET = 10.0;
				MTL_ENABLE_DEBUG_INFO = YES;
				ONLY_ACTIVE_ARCH = YES;
				SDKROOT = iphoneos;
				SWIFT_ACTIVE_COMPILATION_CONDITIONS = DEBUG;
				SWIFT_OPTIMIZATION_LEVEL = "-Onone";
				TARGETED_DEVICE_FAMILY = "1,2";
			};
			name = Debug;
		};
		382322CA1DD0890600047340 /* Release */ = {
			isa = XCBuildConfiguration;
			buildSettings = {
				ALWAYS_SEARCH_USER_PATHS = NO;
				CLANG_ANALYZER_NONNULL = YES;
				CLANG_CXX_LANGUAGE_STANDARD = "gnu++0x";
				CLANG_CXX_LIBRARY = "libc++";
				CLANG_ENABLE_MODULES = YES;
				CLANG_ENABLE_OBJC_ARC = YES;
				CLANG_WARN_BOOL_CONVERSION = YES;
				CLANG_WARN_CONSTANT_CONVERSION = YES;
				CLANG_WARN_DIRECT_OBJC_ISA_USAGE = YES_ERROR;
				CLANG_WARN_DOCUMENTATION_COMMENTS = YES;
				CLANG_WARN_EMPTY_BODY = YES;
				CLANG_WARN_ENUM_CONVERSION = YES;
				CLANG_WARN_INFINITE_RECURSION = YES;
				CLANG_WARN_INT_CONVERSION = YES;
				CLANG_WARN_OBJC_ROOT_CLASS = YES_ERROR;
				CLANG_WARN_SUSPICIOUS_MOVE = YES;
				CLANG_WARN_SUSPICIOUS_MOVES = YES;
				CLANG_WARN_UNREACHABLE_CODE = YES;
				CLANG_WARN__DUPLICATE_METHOD_MATCH = YES;
				"CODE_SIGN_IDENTITY[sdk=iphoneos*]" = "iPhone Developer";
				COPY_PHASE_STRIP = NO;
				DEBUG_INFORMATION_FORMAT = "dwarf-with-dsym";
				ENABLE_NS_ASSERTIONS = NO;
				ENABLE_STRICT_OBJC_MSGSEND = YES;
				GCC_C_LANGUAGE_STANDARD = gnu99;
				GCC_NO_COMMON_BLOCKS = YES;
				GCC_WARN_64_TO_32_BIT_CONVERSION = YES;
				GCC_WARN_ABOUT_RETURN_TYPE = YES_ERROR;
				GCC_WARN_UNDECLARED_SELECTOR = YES;
				GCC_WARN_UNINITIALIZED_AUTOS = YES_AGGRESSIVE;
				GCC_WARN_UNUSED_FUNCTION = YES;
				GCC_WARN_UNUSED_VARIABLE = YES;
				IPHONEOS_DEPLOYMENT_TARGET = 10.0;
				MTL_ENABLE_DEBUG_INFO = NO;
				SDKROOT = iphoneos;
				SWIFT_OPTIMIZATION_LEVEL = "-Owholemodule";
				TARGETED_DEVICE_FAMILY = "1,2";
				VALIDATE_PRODUCT = YES;
			};
			name = Release;
		};
		382322CC1DD0890600047340 /* Debug */ = {
			isa = XCBuildConfiguration;
			baseConfigurationReference = 3DE63CA958C5C652FD1A5663 /* Pods-SurveysApp.debug.xcconfig */;
			buildSettings = {
				ASSETCATALOG_COMPILER_APPICON_NAME = AppIcon;
				CLANG_ENABLE_MODULES = YES;
				DEVELOPMENT_TEAM = 7CD55P55JM;
				INFOPLIST_FILE = SurveysApp/Info.plist;
				IPHONEOS_DEPLOYMENT_TARGET = 8.0;
				LD_RUNPATH_SEARCH_PATHS = "$(inherited) @executable_path/Frameworks";
				PRODUCT_BUNDLE_IDENTIFIER = com.mo7amedelalfy.SurveysApp;
				PRODUCT_NAME = "$(TARGET_NAME)";
				SWIFT_OBJC_BRIDGING_HEADER = "SurveysApp/SurveysApp-Bridging-Header.h";
				SWIFT_OPTIMIZATION_LEVEL = "-Onone";
				SWIFT_VERSION = 3.0;
			};
			name = Debug;
		};
		382322CD1DD0890600047340 /* Release */ = {
			isa = XCBuildConfiguration;
			baseConfigurationReference = 1C64E4B1A43D4AF0295B3584 /* Pods-SurveysApp.release.xcconfig */;
			buildSettings = {
				ASSETCATALOG_COMPILER_APPICON_NAME = AppIcon;
				CLANG_ENABLE_MODULES = YES;
				DEVELOPMENT_TEAM = 7CD55P55JM;
				INFOPLIST_FILE = SurveysApp/Info.plist;
				IPHONEOS_DEPLOYMENT_TARGET = 8.0;
				LD_RUNPATH_SEARCH_PATHS = "$(inherited) @executable_path/Frameworks";
				PRODUCT_BUNDLE_IDENTIFIER = com.mo7amedelalfy.SurveysApp;
				PRODUCT_NAME = "$(TARGET_NAME)";
				SWIFT_OBJC_BRIDGING_HEADER = "SurveysApp/SurveysApp-Bridging-Header.h";
				SWIFT_VERSION = 3.0;
			};
			name = Release;
		};
		382322CF1DD0890600047340 /* Debug */ = {
			isa = XCBuildConfiguration;
			baseConfigurationReference = 54C481227C01F78411533209 /* Pods-SurveysAppTests.debug.xcconfig */;
			buildSettings = {
				ALWAYS_EMBED_SWIFT_STANDARD_LIBRARIES = YES;
				BUNDLE_LOADER = "$(TEST_HOST)";
				DEVELOPMENT_TEAM = 7CD55P55JM;
				INFOPLIST_FILE = SurveysAppTests/Info.plist;
				LD_RUNPATH_SEARCH_PATHS = "$(inherited) @executable_path/Frameworks @loader_path/Frameworks";
				PRODUCT_BUNDLE_IDENTIFIER = com.mo7amedelalfy.SurveysAppTests;
				PRODUCT_NAME = "$(TARGET_NAME)";
				SWIFT_VERSION = 3.0;
				TEST_HOST = "$(BUILT_PRODUCTS_DIR)/SurveysApp.app/SurveysApp";
			};
			name = Debug;
		};
		382322D01DD0890600047340 /* Release */ = {
			isa = XCBuildConfiguration;
			baseConfigurationReference = 4CA78B19DA3881CB2A50D250 /* Pods-SurveysAppTests.release.xcconfig */;
			buildSettings = {
				ALWAYS_EMBED_SWIFT_STANDARD_LIBRARIES = YES;
				BUNDLE_LOADER = "$(TEST_HOST)";
				DEVELOPMENT_TEAM = 7CD55P55JM;
				INFOPLIST_FILE = SurveysAppTests/Info.plist;
				LD_RUNPATH_SEARCH_PATHS = "$(inherited) @executable_path/Frameworks @loader_path/Frameworks";
				PRODUCT_BUNDLE_IDENTIFIER = com.mo7amedelalfy.SurveysAppTests;
				PRODUCT_NAME = "$(TARGET_NAME)";
				SWIFT_VERSION = 3.0;
				TEST_HOST = "$(BUILT_PRODUCTS_DIR)/SurveysApp.app/SurveysApp";
			};
			name = Release;
		};
/* End XCBuildConfiguration section */

/* Begin XCConfigurationList section */
		382322A91DD0890500047340 /* Build configuration list for PBXProject "SurveysApp" */ = {
			isa = XCConfigurationList;
			buildConfigurations = (
				382322C91DD0890600047340 /* Debug */,
				382322CA1DD0890600047340 /* Release */,
			);
			defaultConfigurationIsVisible = 0;
			defaultConfigurationName = Release;
		};
		382322CB1DD0890600047340 /* Build configuration list for PBXNativeTarget "SurveysApp" */ = {
			isa = XCConfigurationList;
			buildConfigurations = (
				382322CC1DD0890600047340 /* Debug */,
				382322CD1DD0890600047340 /* Release */,
			);
			defaultConfigurationIsVisible = 0;
			defaultConfigurationName = Release;
		};
		382322CE1DD0890600047340 /* Build configuration list for PBXNativeTarget "SurveysAppTests" */ = {
			isa = XCConfigurationList;
			buildConfigurations = (
				382322CF1DD0890600047340 /* Debug */,
				382322D01DD0890600047340 /* Release */,
			);
			defaultConfigurationIsVisible = 0;
			defaultConfigurationName = Release;
		};
/* End XCConfigurationList section */
	};
	rootObject = 382322A61DD0890500047340 /* Project object */;
}
